<?xml version="1.0" encoding="utf-8"?>
<Project ToolsVersion="4.0" xmlns="http://schemas.microsoft.com/developer/msbuild/2003">
  <ItemGroup>
    <ResourceCompile Include="4 - Realistic Volumentric Explosions.rc" />
  </ItemGroup>
  <ItemGroup>
    <Image Include="4 - Realistic Volumentric Explosions.ico" />
    <Image Include="small.ico" />
  </ItemGroup>
  <ItemGroup>
    <ClCompile Include="stdafx.cpp" />
    <ClCompile Include="GraphicsSystem.cpp">
      <Filter>Systems</Filter>
    </ClCompile>
    <ClCompile Include="MaterialManagementSystem.cpp">
      <Filter>Systems</Filter>
    </ClCompile>
    <ClCompile Include="SceneManagementSystem.cpp">
      <Filter>Systems</Filter>
    </ClCompile>
    <ClCompile Include="GameSystem.cpp">
      <Filter>Systems</Filter>
    </ClCompile>
    <ClCompile Include="Camera.cpp">
      <Filter>Components</Filter>
    </ClCompile>
    <ClCompile Include="Component.cpp">
      <Filter>Components</Filter>
    </ClCompile>
    <ClCompile Include="MeshRenderer.cpp">
      <Filter>Components</Filter>
    </ClCompile>
    <ClCompile Include="Renderer.cpp">
      <Filter>Components</Filter>
    </ClCompile>
    <ClCompile Include="Shader.cpp">
      <Filter>Graphics</Filter>
    </ClCompile>
    <ClCompile Include="ConstantBuffer.cpp">
      <Filter>Graphics</Filter>
    </ClCompile>
    <ClCompile Include="Material.cpp">
      <Filter>Graphics</Filter>
    </ClCompile>
    <ClCompile Include="SceneGraph.cpp">
      <Filter>DataStructures</Filter>
    </ClCompile>
    <ClCompile Include="Mesh.cpp">
      <Filter>DataStructures</Filter>
    </ClCompile>
    <ClCompile Include="PerlinNoise.cpp">
      <Filter>Utilities</Filter>
    </ClCompile>
    <ClCompile Include="Entity.cpp">
      <Filter>Components</Filter>
    </ClCompile>
    <ClCompile Include="Texture2D_ShaderResource.cpp">
      <Filter>Graphics</Filter>
    </ClCompile>
    <ClCompile Include="ShaderResource.cpp">
      <Filter>Graphics</Filter>
    </ClCompile>
    <ClCompile Include="TextureSampler.cpp">
      <Filter>Graphics</Filter>
    </ClCompile>
    <ClCompile Include="ImagingFactory.cpp">
      <Filter>Utilities</Filter>
    </ClCompile>
    <ClCompile Include="MeshHelper.cpp" />
  </ItemGroup>
  <ItemGroup>
    <ClInclude Include="Resource.h" />
    <ClInclude Include="stdafx.h" />
    <ClInclude Include="targetver.h" />
    <ClInclude Include="GraphicsSystem.h">
      <Filter>Systems</Filter>
    </ClInclude>
    <ClInclude Include="MaterialManagementSystem.h">
      <Filter>Systems</Filter>
    </ClInclude>
    <ClInclude Include="SceneManagementSystem.h">
      <Filter>Systems</Filter>
    </ClInclude>
    <ClInclude Include="GameSystem.h">
      <Filter>Systems</Filter>
    </ClInclude>
    <ClInclude Include="Camera.h">
      <Filter>Components</Filter>
    </ClInclude>
    <ClInclude Include="Component.h">
      <Filter>Components</Filter>
    </ClInclude>
    <ClInclude Include="MeshRenderer.h">
      <Filter>Components</Filter>
    </ClInclude>
    <ClInclude Include="Renderer.h">
      <Filter>Components</Filter>
    </ClInclude>
    <ClInclude Include="Shader.h">
      <Filter>Graphics</Filter>
    </ClInclude>
    <ClInclude Include="ConstantBuffer.h">
      <Filter>Graphics</Filter>
    </ClInclude>
    <ClInclude Include="Material.h">
      <Filter>Graphics</Filter>
    </ClInclude>
    <ClInclude Include="UtilityMacros.h">
      <Filter>Utilities</Filter>
    </ClInclude>
    <ClInclude Include="SceneGraph.h">
      <Filter>DataStructures</Filter>
    </ClInclude>
    <ClInclude Include="Mesh.h">
      <Filter>DataStructures</Filter>
    </ClInclude>
    <ClInclude Include="Vector3.h">
      <Filter>DataStructures</Filter>
    </ClInclude>
    <ClInclude Include="PerlinNoise.h">
      <Filter>Utilities</Filter>
    </ClInclude>
    <ClInclude Include="Entity.h">
      <Filter>Components</Filter>
    </ClInclude>
    <ClInclude Include="Texture2D_ShaderResource.h">
      <Filter>Graphics</Filter>
    </ClInclude>
    <ClInclude Include="ShaderResource.h">
      <Filter>Graphics</Filter>
    </ClInclude>
    <ClInclude Include="TextureSampler.h">
      <Filter>Graphics</Filter>
    </ClInclude>
    <ClInclude Include="ImagingFactory.h">
      <Filter>Utilities</Filter>
    </ClInclude>
    <ClInclude Include="Matrix4x4.h">
      <Filter>DataStructures</Filter>
    </ClInclude>
    <ClInclude Include="Matrix3x3.h">
      <Filter>DataStructures</Filter>
    </ClInclude>
    <ClInclude Include="MeshHelper.h" />
  </ItemGroup>
  <ItemGroup>
    <Text Include="ReadMe.txt" />
  </ItemGroup>
  <ItemGroup>
    <Filter Include="Systems">
      <UniqueIdentifier>{5c0db4db-7336-4d84-ab2a-1fcd77c90e7e}</UniqueIdentifier>
    </Filter>
    <Filter Include="Graphics">
      <UniqueIdentifier>{3f7ee8db-9aaf-489e-a12e-b89af640a04c}</UniqueIdentifier>
    </Filter>
    <Filter Include="Components">
      <UniqueIdentifier>{6fc18b86-cec5-48c5-bcbd-1083704dbd4c}</UniqueIdentifier>
    </Filter>
    <Filter Include="Utilities">
      <UniqueIdentifier>{ec9336a8-8ae8-4a61-a0d8-b57c4b6ce841}</UniqueIdentifier>
    </Filter>
    <Filter Include="DataStructures">
      <UniqueIdentifier>{8f41650d-a265-4153-bd49-c214cb41a35a}</UniqueIdentifier>
    </Filter>
  </ItemGroup>
</Project>