<?xml version="1.0" encoding="utf-8"?>
<Project ToolsVersion="4.0" xmlns="http://schemas.microsoft.com/developer/msbuild/2003">
  <ItemGroup>
    <ClCompile Include="src\stdafx.cpp" />
    <ClCompile Include="src\Engine\Extra\Locomotion\NoClipLocomotion.cpp">
      <Filter>Engine\Extra\Locomotion</Filter>
    </ClCompile>
    <ClCompile Include="src\Engine\Core\DataStructures\Color.cpp">
      <Filter>Engine\Core\DataStructures</Filter>
    </ClCompile>
    <ClCompile Include="src\Engine\Core\Graphics\Buffers\DepthStencilBuffer.cpp">
      <Filter>Engine\Core\Graphics\Buffers</Filter>
    </ClCompile>
    <ClCompile Include="src\Engine\Core\Graphics\Buffers\IndexBuffer.cpp">
      <Filter>Engine\Core\Graphics\Buffers</Filter>
    </ClCompile>
    <ClCompile Include="src\Engine\Core\Graphics\Buffers\VertexBuffer.cpp">
      <Filter>Engine\Core\Graphics\Buffers</Filter>
    </ClCompile>
    <ClCompile Include="src\Engine\Core\Graphics\GraphicsSystem.cpp">
      <Filter>Engine\Core\Graphics</Filter>
    </ClCompile>
    <ClCompile Include="src\Engine\Core\Graphics\LightingSystem.cpp">
      <Filter>Engine\Core\Graphics</Filter>
    </ClCompile>
    <ClCompile Include="src\Engine\Core\Graphics\RasterizerState.cpp">
      <Filter>Engine\Core\Graphics</Filter>
    </ClCompile>
    <ClCompile Include="src\Engine\Core\Input\InputSystem.cpp">
      <Filter>Engine\Core\Input</Filter>
    </ClCompile>
    <ClCompile Include="src\Engine\Core\Input\KeyboardInput.cpp">
      <Filter>Engine\Core\Input</Filter>
    </ClCompile>
    <ClCompile Include="src\Engine\Core\Input\MouseInput.cpp">
      <Filter>Engine\Core\Input</Filter>
    </ClCompile>
    <ClCompile Include="src\Engine\Core\SceneGraph\Components\Entity.cpp">
      <Filter>Engine\Core\SceneGraph\Components</Filter>
    </ClCompile>
    <ClCompile Include="src\Engine\Core\Time\Time.cpp">
      <Filter>Engine\Core\Time</Filter>
    </ClCompile>
    <ClCompile Include="src\Engine\Core\Utilities\MeshHelper.cpp">
      <Filter>Engine\Core\Utilities</Filter>
    </ClCompile>
    <ClCompile Include="src\Engine\Core\WindowManagement\WindowManager.cpp">
      <Filter>Engine\Core\WindowManagement</Filter>
    </ClCompile>
    <ClCompile Include="src\Engine\Core\GameLoop.cpp">
      <Filter>Engine\Core</Filter>
    </ClCompile>
    <ClCompile Include="src\Engine\Core\Application\Application.cpp">
      <Filter>Engine\Core\Application</Filter>
    </ClCompile>
    <ClCompile Include="src\Engine\Core\Graphics\BlendState.cpp">
      <Filter>Engine\Core\Graphics</Filter>
    </ClCompile>
    <ClCompile Include="src\Engine\Core\Utilities\Noise.cpp">
      <Filter>Engine\Core\Utilities</Filter>
    </ClCompile>
    <ClCompile Include="src\Engine\Extra\MarchingCubes2D\MarchingSquares2D.cpp">
      <Filter>Engine\Extra\MarchingSquares2D</Filter>
    </ClCompile>
    <ClCompile Include="src\Engine\Extra\TransvoxelTerrain\Transvoxel.cpp" />
    <ClCompile Include="src\Engine\Extra\TransvoxelTerrain\VoxelTerrain.cpp" />
    <ClCompile Include="src\Engine\Core\Mesh\MeshManager.cpp" />
    <ClCompile Include="src\Engine\Main.cpp" />
    <ClCompile Include="src\Engine\Core\SystemManagement\SystemContainer.cpp" />
    <ClCompile Include="src\Engine\Core\SceneGraph\SceneGraphManager.cpp" />
    <ClCompile Include="src\Engine\Core\Graphics\GraphicsDevice.cpp">
      <Filter>Engine\Core\Graphics</Filter>
    </ClCompile>
    <ClCompile Include="src\Engine\Core\GlobalStaticReferences.cpp" />
    <ClCompile Include="src\Engine\Core\Scripting\ScriptedSystemLoader.cpp" />
    <ClCompile Include="src\Engine\Core\Scripting\ScriptedSystem.cpp" />
    <ClCompile Include="src\Engine\Core\RTTI\TypedObjectManager.cpp" />
    <ClCompile Include="src\Engine\Core\Scripting\NativeToManagedInstanceMap.cpp" />
    <ClCompile Include="src\Engine\Core\RTTI\TypeNameMapping.cpp" />
    <ClCompile Include="src\Engine\Core\RTTI\HelperMethods.cpp" />
    <ClCompile Include="src\Engine\Core\ResourceTypes\Mesh.cpp">
      <Filter>Engine\Core\Graphics\ResourceTypes</Filter>
    </ClCompile>
    <ClCompile Include="src\Engine\Core\ResourceTypes\Shader.cpp">
      <Filter>Engine\Core\Graphics\ResourceTypes</Filter>
    </ClCompile>
    <ClCompile Include="src\Engine\Core\ResourceTypes\ShaderResource.cpp">
      <Filter>Engine\Core\Graphics\ResourceTypes</Filter>
    </ClCompile>
    <ClCompile Include="src\Engine\Core\ResourceTypes\StructuredBuffer.cpp">
      <Filter>Engine\Core\Graphics\ResourceTypes</Filter>
    </ClCompile>
    <ClCompile Include="src\Engine\Core\ResourceTypes\Texture2D.cpp">
      <Filter>Engine\Core\Graphics\ResourceTypes</Filter>
    </ClCompile>
    <ClCompile Include="src\Engine\Core\ResourceTypes\Texture2DArray.cpp">
      <Filter>Engine\Core\Graphics\ResourceTypes</Filter>
    </ClCompile>
    <ClCompile Include="src\Engine\Core\ResourceTypes\TextureSampler.cpp">
      <Filter>Engine\Core\Graphics\ResourceTypes</Filter>
    </ClCompile>
    <ClCompile Include="src\Engine\Core\ResourceTypes\ManagedObject.cpp" />
    <ClCompile Include="src\Engine\Core\Scripting\API\cpp-gen\GProBindingRegistration.cpp" />
    <ClCompile Include="src\Engine\Core\Scripting\API\cpp-gen\LoggingAPI.cpp" />
    <ClCompile Include="src\Engine\Core\Scripting\API\cpp-gen\ScriptedSystemInterfaceAPI.cpp" />
    <ClCompile Include="src\Engine\Core\Scripting\API\cpp-gen\TypedObjectManagerAPI.cpp" />
    <ClCompile Include="src\Engine\Core\Scripting\MonoMarshallHelpers.cpp" />
    <ClCompile Include="src\Engine\Core\Components\Camera.cpp">
      <Filter>Engine\Core\Graphics\Components</Filter>
    </ClCompile>
    <ClCompile Include="src\Engine\Core\Components\Transform.cpp">
      <Filter>Engine\Core\Graphics\Components</Filter>
    </ClCompile>
    <ClCompile Include="src\Engine\Core\Scripting\API\cpp-gen\components\CameraAPI.cpp" />
    <ClCompile Include="src\Engine\Core\Scripting\API\cpp-gen\components\LightAPI.cpp" />
    <ClCompile Include="src\Engine\Core\Scripting\API\cpp-gen\components\MeshRendererAPI.cpp" />
    <ClCompile Include="src\Engine\Core\Scripting\API\cpp-gen\components\TransformAPI.cpp" />
    <ClCompile Include="src\Engine\Core\Scripting\API\cpp-gen\resources\MeshAPI.cpp" />
    <ClCompile Include="src\Engine\Core\Scripting\API\cpp-gen\resources\ShaderAPI.cpp" />
    <ClCompile Include="src\Engine\Core\Scripting\API\cpp-gen\resources\ShaderResourceAPI.cpp" />
    <ClCompile Include="src\Engine\Core\Scripting\API\cpp-gen\resources\StructuredBufferAPI.cpp" />
    <ClCompile Include="src\Engine\Core\Scripting\API\cpp-gen\resources\Texture2DAPI.cpp" />
    <ClCompile Include="src\Engine\Core\Scripting\API\cpp-gen\resources\Texture2DArrayAPI.cpp" />
    <ClCompile Include="src\Engine\Core\Scripting\API\cpp-gen\resources\TextureSamplerAPI.cpp" />
    <ClCompile Include="src\Engine\Core\ResourceTypes\Material.cpp" />
    <ClCompile Include="src\Engine\Core\Graphics\Buffers\ConstantBuffer.cpp" />
    <ClCompile Include="src\Engine\Core\Scripting\API\cpp-gen\resources\MaterialAPI.cpp" />
    <ClCompile Include="src\Engine\Core\DataStructures\MaterialPropertyList.cpp" />
    <ClCompile Include="src\Engine\Core\Utilities\HeapAllocation.cpp" />
    <ClCompile Include="src\Engine\Core\Scripting\API\cpp-gen\EntityAPI.cpp" />
    <ClCompile Include="src\Engine\Core\Scripting\API\cpp-gen\MeshHelperAPI.cpp" />
    <ClCompile Include="src\Engine\Core\RTTI\RTTI.cpp" />
  </ItemGroup>
  <ItemGroup>
    <ClInclude Include="src\stdafx.h" />
    <ClInclude Include="src\targetver.h" />
    <ClInclude Include="src\Resource.h">
      <Filter>Engine\Core\ResourceManagement</Filter>
    </ClInclude>
    <ClInclude Include="src\Engine\Extra\Locomotion\NoClipLocomotion.h">
      <Filter>Engine\Extra\Locomotion</Filter>
    </ClInclude>
    <ClInclude Include="src\Engine\Core\DataStructures\Color.h">
      <Filter>Engine\Core\DataStructures</Filter>
    </ClInclude>
    <ClInclude Include="src\Engine\Core\Graphics\Buffers\DepthStencilBuffer.h">
      <Filter>Engine\Core\Graphics\Buffers</Filter>
    </ClInclude>
    <ClInclude Include="src\Engine\Core\Graphics\Buffers\IndexBuffer.h">
      <Filter>Engine\Core\Graphics\Buffers</Filter>
    </ClInclude>
    <ClInclude Include="src\Engine\Core\Graphics\Buffers\VertexBuffer.h">
      <Filter>Engine\Core\Graphics\Buffers</Filter>
    </ClInclude>
    <ClInclude Include="src\Engine\Core\Graphics\GraphicsSystem.h">
      <Filter>Engine\Core\Graphics</Filter>
    </ClInclude>
    <ClInclude Include="src\Engine\Core\Graphics\LightingSystem.h">
      <Filter>Engine\Core\Graphics</Filter>
    </ClInclude>
    <ClInclude Include="src\Engine\Core\Graphics\RasterizerState.h">
      <Filter>Engine\Core\Graphics</Filter>
    </ClInclude>
    <ClInclude Include="src\Engine\Core\Graphics\VertexData.h">
      <Filter>Engine\Core\Graphics</Filter>
    </ClInclude>
    <ClInclude Include="src\Engine\Core\Input\InputSystem.h">
      <Filter>Engine\Core\Input</Filter>
    </ClInclude>
    <ClInclude Include="src\Engine\Core\Input\KeyboardInput.h">
      <Filter>Engine\Core\Input</Filter>
    </ClInclude>
    <ClInclude Include="src\Engine\Core\Input\MouseInput.h">
      <Filter>Engine\Core\Input</Filter>
    </ClInclude>
    <ClInclude Include="src\Engine\Core\SceneGraph\Components\Entity.h">
      <Filter>Engine\Core\SceneGraph\Components</Filter>
    </ClInclude>
    <ClInclude Include="src\Engine\Core\SystemManagement\ISystem.h">
      <Filter>Engine\Core\SystemManagement</Filter>
    </ClInclude>
    <ClInclude Include="src\Engine\Core\Time\Time.h">
      <Filter>Engine\Core\Time</Filter>
    </ClInclude>
    <ClInclude Include="src\Engine\Core\Utilities\AutoPointer.hpp">
      <Filter>Engine\Core\Utilities</Filter>
    </ClInclude>
    <ClInclude Include="src\Engine\Core\Utilities\Logging.h">
      <Filter>Engine\Core\Utilities</Filter>
    </ClInclude>
    <ClInclude Include="src\Engine\Core\Utilities\MeshHelper.h">
      <Filter>Engine\Core\Utilities</Filter>
    </ClInclude>
    <ClInclude Include="src\Engine\Core\Utilities\PointerRelease.hpp">
      <Filter>Engine\Core\Utilities</Filter>
    </ClInclude>
    <ClInclude Include="src\Engine\Core\Utilities\StaticPointer.hpp">
      <Filter>Engine\Core\Utilities</Filter>
    </ClInclude>
    <ClInclude Include="src\Engine\Core\WindowManagement\WindowManager.h">
      <Filter>Engine\Core\WindowManagement</Filter>
    </ClInclude>
    <ClInclude Include="src\Engine\Core\GameLoop.h">
      <Filter>Engine\Core</Filter>
    </ClInclude>
    <ClInclude Include="src\Engine\Core\Application\Application.h">
      <Filter>Engine\Core\Application</Filter>
    </ClInclude>
    <ClInclude Include="src\Engine\Core\Graphics\BlendState.h">
      <Filter>Engine\Core\Graphics</Filter>
    </ClInclude>
    <ClInclude Include="src\Engine\Core\Utilities\Noise.h">
      <Filter>Engine\Core\Utilities</Filter>
    </ClInclude>
    <ClInclude Include="src\Engine\Extra\MarchingCubes2D\MarchingSquares2D.h">
      <Filter>Engine\Extra\MarchingSquares2D</Filter>
    </ClInclude>
    <ClInclude Include="src\Engine\Extra\TransvoxelTerrain\VoxelTerrain.h" />
    <ClInclude Include="src\Engine\Core\Mesh\MeshManager.h" />
    <ClInclude Include="src\Engine\di.hpp" />
    <ClInclude Include="src\Engine\Core\SystemManagement\SystemContainer.h" />
    <ClInclude Include="src\Engine\Core\SceneGraph\SceneGraphManager.h" />
    <ClInclude Include="src\Engine\Core\SceneGraph\SceneGraph.hpp">
      <Filter>Engine\Core\SceneGraph</Filter>
    </ClInclude>
    <ClInclude Include="src\Engine\Core\Graphics\GraphicsDevice.h">
      <Filter>Engine\Core\Graphics</Filter>
    </ClInclude>
    <ClInclude Include="src\Engine\Core\GlobalStaticReferences.h" />
    <ClInclude Include="src\Engine\Core\Scripting\ScriptedSystemLoader.h" />
    <ClInclude Include="src\Engine\Core\Scripting\ScriptedSystem.h" />
    <ClInclude Include="src\Engine\Core\RTTI\ITypedObject.h" />
    <ClInclude Include="src\Engine\Core\RTTI\TypedObjectManager.h" />
    <ClInclude Include="src\Engine\Core\RTTI\RTTI.h" />
    <ClInclude Include="src\Engine\Core\Scripting\NativeToManagedInstanceMap.h" />
    <ClInclude Include="src\Engine\Core\RTTI\TypeNameMapping.h" />
    <ClInclude Include="src\Engine\Core\RTTI\HelperMethods.h" />
    <ClInclude Include="src\Engine\Core\ResourceTypes\Mesh.h">
      <Filter>Engine\Core\Graphics\ResourceTypes</Filter>
    </ClInclude>
    <ClInclude Include="src\Engine\Core\ResourceTypes\Shader.h">
      <Filter>Engine\Core\Graphics\ResourceTypes</Filter>
    </ClInclude>
    <ClInclude Include="src\Engine\Core\ResourceTypes\ShaderResource.h">
      <Filter>Engine\Core\Graphics\ResourceTypes</Filter>
    </ClInclude>
    <ClInclude Include="src\Engine\Core\ResourceTypes\StructuredBuffer.h">
      <Filter>Engine\Core\Graphics\ResourceTypes</Filter>
    </ClInclude>
    <ClInclude Include="src\Engine\Core\ResourceTypes\Texture2D.h">
      <Filter>Engine\Core\Graphics\ResourceTypes</Filter>
    </ClInclude>
    <ClInclude Include="src\Engine\Core\ResourceTypes\Texture2DArray.h">
      <Filter>Engine\Core\Graphics\ResourceTypes</Filter>
    </ClInclude>
    <ClInclude Include="src\Engine\Core\ResourceTypes\TextureSampler.h">
      <Filter>Engine\Core\Graphics\ResourceTypes</Filter>
    </ClInclude>
    <ClInclude Include="src\Engine\Core\ResourceTypes\ManagedObject.h" />
    <ClInclude Include="src\Engine\Core\Scripting\API\cpp-gen\GProBindingRegistration.h" />
    <ClInclude Include="src\Engine\Core\Scripting\API\cpp-gen\LoggingAPI.h" />
    <ClInclude Include="src\Engine\Core\Scripting\API\cpp-gen\ScriptedSystemInterfaceAPI.h" />
    <ClInclude Include="src\Engine\Core\Scripting\API\cpp-gen\TypedObjectManagerAPI.h" />
    <ClInclude Include="src\Engine\Core\Scripting\MonoMarshallHelpers.h" />
    <ClInclude Include="src\Engine\Core\Components\Transform.h">
      <Filter>Engine\Core\Graphics\Components</Filter>
    </ClInclude>
    <ClInclude Include="src\Engine\Core\Components\Camera.h">
      <Filter>Engine\Core\Graphics\Components</Filter>
    </ClInclude>
    <ClInclude Include="src\Engine\Core\Components\Light.h">
      <Filter>Engine\Core\Graphics\Components</Filter>
    </ClInclude>
    <ClInclude Include="src\Engine\Core\Components\MeshRenderer.h">
      <Filter>Engine\Core\Graphics\Components</Filter>
    </ClInclude>
    <ClInclude Include="src\Engine\Core\SceneGraph\IComponent.h" />
    <ClInclude Include="src\Engine\Core\Scripting\API\cpp-gen\components\CameraAPI.h" />
    <ClInclude Include="src\Engine\Core\Scripting\API\cpp-gen\components\LightAPI.h" />
    <ClInclude Include="src\Engine\Core\Scripting\API\cpp-gen\components\MeshRendererAPI.h" />
    <ClInclude Include="src\Engine\Core\Scripting\API\cpp-gen\components\TransformAPI.h" />
    <ClInclude Include="src\Engine\Core\Scripting\API\cpp-gen\resources\MeshAPI.h" />
    <ClInclude Include="src\Engine\Core\Scripting\API\cpp-gen\resources\ShaderAPI.h" />
    <ClInclude Include="src\Engine\Core\Scripting\API\cpp-gen\resources\ShaderResourceAPI.h" />
    <ClInclude Include="src\Engine\Core\Scripting\API\cpp-gen\resources\StructuredBufferAPI.h" />
    <ClInclude Include="src\Engine\Core\Scripting\API\cpp-gen\resources\Texture2DAPI.h" />
    <ClInclude Include="src\Engine\Core\Scripting\API\cpp-gen\resources\Texture2DArrayAPI.h" />
    <ClInclude Include="src\Engine\Core\Scripting\API\cpp-gen\resources\TextureSamplerAPI.h" />
    <ClInclude Include="src\Engine\Core\ResourceTypes\Material.h">
      <Filter>Engine\Core\Graphics\ResourceTypes\Material</Filter>
    </ClInclude>
    <ClInclude Include="src\Engine\Core\Graphics\Buffers\ConstantBuffer.h">
      <Filter>Engine\Core\Graphics\Buffers</Filter>
    </ClInclude>
    <ClInclude Include="src\Engine\Core\Scripting\API\cpp-gen\resources\MaterialAPI.h" />
    <ClInclude Include="src\Engine\Core\DataStructures\MaterialPropertyList.h" />
    <ClInclude Include="src\Engine\Core\Utilities\HeapAllocation.h" />
    <ClInclude Include="src\Engine\Core\Scripting\API\cpp-gen\EntityAPI.h" />
    <ClInclude Include="src\Engine\Core\Scripting\API\cpp-gen\MeshHelperAPI.h" />
  </ItemGroup>
  <ItemGroup>
    <Filter Include="Engine">
      <UniqueIdentifier>{027bd988-c9cb-420b-83e9-6e3c85386d24}</UniqueIdentifier>
    </Filter>
    <Filter Include="Engine\Extra">
      <UniqueIdentifier>{1b435af9-d7e2-401b-bea9-14715727cd67}</UniqueIdentifier>
    </Filter>
    <Filter Include="Engine\Extra\TransformSync">
      <UniqueIdentifier>{e908b041-f771-474e-ab46-440376152ad0}</UniqueIdentifier>
    </Filter>
    <Filter Include="Engine\Extra\Locomotion">
      <UniqueIdentifier>{44e41045-d00b-424d-9a11-975c85fefb6b}</UniqueIdentifier>
    </Filter>
    <Filter Include="Engine\Core">
      <UniqueIdentifier>{c7c954ad-4835-49f6-a426-d99a66233898}</UniqueIdentifier>
    </Filter>
    <Filter Include="Engine\Core\Graphics">
      <UniqueIdentifier>{3f7ee8db-9aaf-489e-a12e-b89af640a04c}</UniqueIdentifier>
    </Filter>
    <Filter Include="Engine\Core\Graphics\Buffers">
      <UniqueIdentifier>{42745e47-bee4-479e-ad5b-0520e1afc869}</UniqueIdentifier>
    </Filter>
    <Filter Include="Engine\Core\Graphics\ResourceTypes">
      <UniqueIdentifier>{c922c5fa-36ad-47b1-9ab2-e1181970ae27}</UniqueIdentifier>
    </Filter>
    <Filter Include="Engine\Core\Graphics\Components">
      <UniqueIdentifier>{31bbdc26-26ad-4460-916f-8865d060a0ac}</UniqueIdentifier>
    </Filter>
    <Filter Include="Engine\Core\Input">
      <UniqueIdentifier>{fa0ba861-dc61-44bf-9034-7bd6f3ae7eaa}</UniqueIdentifier>
    </Filter>
    <Filter Include="Engine\Core\WindowManagement">
      <UniqueIdentifier>{c0b1e798-4d55-48a7-881e-233a5fffec7b}</UniqueIdentifier>
    </Filter>
    <Filter Include="Engine\Core\Time">
      <UniqueIdentifier>{37effcff-70ee-473b-9f27-a2d4ec383bb1}</UniqueIdentifier>
    </Filter>
    <Filter Include="Engine\Core\SceneGraph">
      <UniqueIdentifier>{5a63edd1-a19f-47c1-92d2-0bf278737e3d}</UniqueIdentifier>
    </Filter>
    <Filter Include="Engine\Core\SceneGraph\Components">
      <UniqueIdentifier>{6fc18b86-cec5-48c5-bcbd-1083704dbd4c}</UniqueIdentifier>
    </Filter>
    <Filter Include="Engine\Core\SceneGraph\Components\Util">
      <UniqueIdentifier>{9eb398d9-b6cd-4122-a12b-6349f130c961}</UniqueIdentifier>
    </Filter>
    <Filter Include="Engine\Core\SystemManagement">
      <UniqueIdentifier>{5c0db4db-7336-4d84-ab2a-1fcd77c90e7e}</UniqueIdentifier>
    </Filter>
    <Filter Include="Engine\Core\Utilities">
      <UniqueIdentifier>{ec9336a8-8ae8-4a61-a0d8-b57c4b6ce841}</UniqueIdentifier>
    </Filter>
    <Filter Include="Engine\Core\DataStructures">
      <UniqueIdentifier>{8f41650d-a265-4153-bd49-c214cb41a35a}</UniqueIdentifier>
    </Filter>
    <Filter Include="Engine\Core\ResourceManagement">
      <UniqueIdentifier>{0f100b31-8b51-4360-b4ff-bbce9c137a98}</UniqueIdentifier>
    </Filter>
    <Filter Include="Engine\Shaders">
      <UniqueIdentifier>{dfa88832-0aec-4779-bfde-6d8a9e35ef6f}</UniqueIdentifier>
    </Filter>
    <Filter Include="Engine\Core\Application">
      <UniqueIdentifier>{ab6f2091-1907-467a-99e9-858799c90621}</UniqueIdentifier>
    </Filter>
    <Filter Include="Engine\Core\Graphics\ResourceTypes\Material">
      <UniqueIdentifier>{42ffeda5-f51f-42c0-a981-429cb9cf3268}</UniqueIdentifier>
    </Filter>
    <Filter Include="Engine\Core\Graphics\Drawing">
      <UniqueIdentifier>{e540af14-5b38-401a-a560-a86b648530e4}</UniqueIdentifier>
    </Filter>
    <Filter Include="Engine\Extra\MarchingSquares2D">
      <UniqueIdentifier>{f620f216-d0d2-4003-afba-e96e2f262316}</UniqueIdentifier>
    </Filter>
  </ItemGroup>
  <ItemGroup>
    <None Include="src\Engine\Shaders\CommonInclude.hlsl">
      <Filter>Engine\Shaders</Filter>
    </None>
    <None Include="src\Engine\Shaders\EnvironmentMap.hlsl">
      <Filter>Engine\Shaders</Filter>
    </None>
    <None Include="src\Engine\Shaders\ForwardRendering.hlsl">
      <Filter>Engine\Shaders</Filter>
    </None>
    <None Include="src\Engine\Shaders\Lighting.hlsl">
      <Filter>Engine\Shaders</Filter>
    </None>
    <None Include="src\Engine\Shaders\Material.hlsl">
      <Filter>Engine\Shaders</Filter>
    </None>
    <None Include="src\Engine\Main_BoostDI.cpp" />
    <None Include="src\Engine\Core\Scripting\Bindings\GProConfig.json" />
  </ItemGroup>
</Project>