<?xml version="1.0" encoding="utf-8"?>
<Project ToolsVersion="4.0" xmlns="http://schemas.microsoft.com/developer/msbuild/2003">
  <ItemGroup>
    <ResourceCompile Include="4 - Realistic Volumentric Explosions.rc" />
  </ItemGroup>
  <ItemGroup>
    <Image Include="4 - Realistic Volumentric Explosions.ico" />
    <Image Include="small.ico" />
  </ItemGroup>
  <ItemGroup>
    <ClCompile Include="stdafx.cpp" />
    <ClCompile Include="Graphics\Shader.cpp">
      <Filter>Graphics</Filter>
    </ClCompile>
    <ClCompile Include="Graphics\Material.cpp">
      <Filter>Graphics</Filter>
    </ClCompile>
    <ClCompile Include="Graphics\TextureSampler.cpp">
      <Filter>Graphics</Filter>
    </ClCompile>
    <ClCompile Include="Input\MouseInput.cpp">
      <Filter>Input</Filter>
    </ClCompile>
    <ClCompile Include="Input\KeyboardInput.cpp">
      <Filter>Input</Filter>
    </ClCompile>
    <ClCompile Include="Utilities\PerlinNoise.cpp">
      <Filter>Utilities</Filter>
    </ClCompile>
    <ClCompile Include="Utilities\ImagingFactory.cpp">
      <Filter>Utilities</Filter>
    </ClCompile>
    <ClCompile Include="Utilities\MeshHelper.cpp">
      <Filter>Utilities</Filter>
    </ClCompile>
    <ClCompile Include="DataStructures\Matrix4x4.cpp">
      <Filter>DataStructures</Filter>
    </ClCompile>
    <ClCompile Include="DataStructures\Vector3.cpp">
      <Filter>DataStructures</Filter>
    </ClCompile>
    <ClCompile Include="DataStructures\Matrix3x3.cpp">
      <Filter>DataStructures</Filter>
    </ClCompile>
    <ClCompile Include="DataStructures\Vector4.cpp">
      <Filter>DataStructures</Filter>
    </ClCompile>
    <ClCompile Include="DataStructures\Vector2.cpp">
      <Filter>DataStructures</Filter>
    </ClCompile>
    <ClCompile Include="DataStructures\Quaternion.cpp">
      <Filter>DataStructures</Filter>
    </ClCompile>
    <ClCompile Include="Components\Transform.cpp">
      <Filter>Components</Filter>
    </ClCompile>
    <ClCompile Include="Components\Camera.cpp">
      <Filter>Components</Filter>
    </ClCompile>
    <ClCompile Include="Graphics\Buffers\IndexBuffer.cpp">
      <Filter>Graphics\Buffers</Filter>
    </ClCompile>
    <ClCompile Include="Graphics\Buffers\VertexBuffer.cpp">
      <Filter>Graphics\Buffers</Filter>
    </ClCompile>
    <ClCompile Include="Graphics\ResourceTypes\ShaderResource.cpp">
      <Filter>Graphics\ResourceTypes</Filter>
    </ClCompile>
    <ClCompile Include="Graphics\ResourceTypes\Texture2D_ShaderResource.cpp">
      <Filter>Graphics\ResourceTypes</Filter>
    </ClCompile>
    <ClCompile Include="DataStructures\Mesh.cpp">
      <Filter>DataStructures</Filter>
    </ClCompile>
    <ClCompile Include="SystemManagement\SystemManagement.cpp">
      <Filter>SystemManagement</Filter>
    </ClCompile>
    <ClCompile Include="SystemManagement\ISystem.cpp">
      <Filter>SystemManagement</Filter>
    </ClCompile>
    <ClCompile Include="SystemManagement\Systems\GraphicsSystem.cpp">
      <Filter>SystemManagement\Systems</Filter>
    </ClCompile>
    <ClCompile Include="SystemManagement\Systems\InputSystem.cpp">
      <Filter>SystemManagement\Systems</Filter>
    </ClCompile>
    <ClCompile Include="SystemManagement\Systems\LightingSystem.cpp">
      <Filter>SystemManagement\Systems</Filter>
    </ClCompile>
    <ClCompile Include="SystemManagement\Systems\TimeSystem.cpp">
      <Filter>SystemManagement\Systems</Filter>
    </ClCompile>
    <ClCompile Include="Graphics\Buffers\ConstantBufferInterface.cpp">
      <Filter>Graphics\Buffers</Filter>
    </ClCompile>
    <ClCompile Include="AssetManagement\AssetManager.cpp">
      <Filter>AssetManagement</Filter>
    </ClCompile>
    <ClCompile Include="SystemManagement\WindowManager.cpp">
      <Filter>SystemManagement</Filter>
    </ClCompile>
  </ItemGroup>
  <ItemGroup>
    <ClInclude Include="Resource.h" />
    <ClInclude Include="stdafx.h" />
    <ClInclude Include="targetver.h" />
    <ClInclude Include="Components\Camera.h">
      <Filter>Components</Filter>
    </ClInclude>
    <ClInclude Include="Components\Entity.h">
      <Filter>Components</Filter>
    </ClInclude>
    <ClInclude Include="Components\Transform.h">
      <Filter>Components</Filter>
    </ClInclude>
    <ClInclude Include="DataStructures\SceneGraph.h">
      <Filter>DataStructures</Filter>
    </ClInclude>
    <ClInclude Include="DataStructures\PODArray.h">
      <Filter>DataStructures</Filter>
    </ClInclude>
    <ClInclude Include="DataStructures\VertexData.h">
      <Filter>DataStructures</Filter>
    </ClInclude>
    <ClInclude Include="DataStructures\Vector2.h">
      <Filter>DataStructures</Filter>
    </ClInclude>
    <ClInclude Include="DataStructures\Quaternion.h">
      <Filter>DataStructures</Filter>
    </ClInclude>
    <ClInclude Include="DataStructures\Vector4.h">
      <Filter>DataStructures</Filter>
    </ClInclude>
    <ClInclude Include="DataStructures\Matrix4x4.h">
      <Filter>DataStructures</Filter>
    </ClInclude>
    <ClInclude Include="DataStructures\Matrix3x3.h">
      <Filter>DataStructures</Filter>
    </ClInclude>
    <ClInclude Include="DataStructures\Vector3.h">
      <Filter>DataStructures</Filter>
    </ClInclude>
    <ClInclude Include="Graphics\Shader.h">
      <Filter>Graphics</Filter>
    </ClInclude>
    <ClInclude Include="Graphics\Material.h">
      <Filter>Graphics</Filter>
    </ClInclude>
    <ClInclude Include="Graphics\TextureSampler.h">
      <Filter>Graphics</Filter>
    </ClInclude>
    <ClInclude Include="Input\MouseInput.h">
      <Filter>Input</Filter>
    </ClInclude>
    <ClInclude Include="Input\KeyboardInput.h">
      <Filter>Input</Filter>
    </ClInclude>
    <ClInclude Include="Utilities\UtilityMacros.h">
      <Filter>Utilities</Filter>
    </ClInclude>
    <ClInclude Include="Utilities\PerlinNoise.h">
      <Filter>Utilities</Filter>
    </ClInclude>
    <ClInclude Include="Utilities\ImagingFactory.h">
      <Filter>Utilities</Filter>
    </ClInclude>
    <ClInclude Include="Utilities\MeshHelper.h">
      <Filter>Utilities</Filter>
    </ClInclude>
    <ClInclude Include="Utilities\MathHelper.h">
      <Filter>Utilities</Filter>
    </ClInclude>
    <ClInclude Include="Utilities\Logging.h">
      <Filter>Utilities</Filter>
    </ClInclude>
    <ClInclude Include="Graphics\Buffers\ConstantBuffer.h">
      <Filter>Graphics\Buffers</Filter>
    </ClInclude>
    <ClInclude Include="Graphics\Buffers\IndexBuffer.h">
      <Filter>Graphics\Buffers</Filter>
    </ClInclude>
    <ClInclude Include="Graphics\Buffers\VertexBuffer.h">
      <Filter>Graphics\Buffers</Filter>
    </ClInclude>
    <ClInclude Include="Graphics\ResourceTypes\ShaderResource.h">
      <Filter>Graphics\ResourceTypes</Filter>
    </ClInclude>
    <ClInclude Include="Graphics\ResourceTypes\Texture2D_ShaderResource.h">
      <Filter>Graphics\ResourceTypes</Filter>
    </ClInclude>
    <ClInclude Include="Graphics\ResourceTypes\StructuredBuffer_ShaderResource.h">
      <Filter>Graphics\ResourceTypes</Filter>
    </ClInclude>
    <ClInclude Include="DataStructures\Mesh.h">
      <Filter>DataStructures</Filter>
    </ClInclude>
    <ClInclude Include="SystemManagement\SystemManagement.h">
      <Filter>SystemManagement</Filter>
    </ClInclude>
    <ClInclude Include="SystemManagement\ISystem.h">
      <Filter>SystemManagement</Filter>
    </ClInclude>
    <ClInclude Include="SystemManagement\Systems\GraphicsSystem.h">
      <Filter>SystemManagement\Systems</Filter>
    </ClInclude>
    <ClInclude Include="SystemManagement\Systems\InputSystem.h">
      <Filter>SystemManagement\Systems</Filter>
    </ClInclude>
    <ClInclude Include="SystemManagement\Systems\LightingSystem.h">
      <Filter>SystemManagement\Systems</Filter>
    </ClInclude>
    <ClInclude Include="SystemManagement\Systems\TimeSystem.h">
      <Filter>SystemManagement\Systems</Filter>
    </ClInclude>
    <ClInclude Include="SystemManagement\SystemConfiguration.hpp" />
    <ClInclude Include="Graphics\Buffers\ConstantBufferInterface.h">
      <Filter>Graphics\Buffers</Filter>
    </ClInclude>
    <ClInclude Include="AssetManagement\AssetManager.h">
      <Filter>AssetManagement</Filter>
    </ClInclude>
    <ClInclude Include="DataStructures\ComponentArray.h" />
    <ClInclude Include="SystemManagement\WindowManager.h">
      <Filter>SystemManagement</Filter>
    </ClInclude>
  </ItemGroup>
  <ItemGroup>
    <Text Include="ReadMe.txt" />
  </ItemGroup>
  <ItemGroup>
    <Filter Include="Graphics">
      <UniqueIdentifier>{3f7ee8db-9aaf-489e-a12e-b89af640a04c}</UniqueIdentifier>
    </Filter>
    <Filter Include="Components">
      <UniqueIdentifier>{6fc18b86-cec5-48c5-bcbd-1083704dbd4c}</UniqueIdentifier>
    </Filter>
    <Filter Include="Utilities">
      <UniqueIdentifier>{ec9336a8-8ae8-4a61-a0d8-b57c4b6ce841}</UniqueIdentifier>
    </Filter>
    <Filter Include="DataStructures">
      <UniqueIdentifier>{8f41650d-a265-4153-bd49-c214cb41a35a}</UniqueIdentifier>
    </Filter>
    <Filter Include="Input">
      <UniqueIdentifier>{fa0ba861-dc61-44bf-9034-7bd6f3ae7eaa}</UniqueIdentifier>
    </Filter>
    <Filter Include="Shaders">
      <UniqueIdentifier>{dfa88832-0aec-4779-bfde-6d8a9e35ef6f}</UniqueIdentifier>
    </Filter>
    <Filter Include="Graphics\Buffers">
      <UniqueIdentifier>{ff41a36b-2160-44c8-a10d-3072861fee0c}</UniqueIdentifier>
    </Filter>
    <Filter Include="Graphics\ResourceTypes">
      <UniqueIdentifier>{538c66c2-f9b2-458e-8f20-59fccfb88305}</UniqueIdentifier>
    </Filter>
    <Filter Include="SystemManagement">
      <UniqueIdentifier>{5c0db4db-7336-4d84-ab2a-1fcd77c90e7e}</UniqueIdentifier>
    </Filter>
    <Filter Include="SystemManagement\Systems">
      <UniqueIdentifier>{55f249f4-08bd-47f1-804c-32df7e3e60e4}</UniqueIdentifier>
    </Filter>
    <Filter Include="AssetManagement">
      <UniqueIdentifier>{0f100b31-8b51-4360-b4ff-bbce9c137a98}</UniqueIdentifier>
    </Filter>
  </ItemGroup>
  <ItemGroup>
    <None Include="Shaders\CommonInclude.hlsl">
      <Filter>Shaders</Filter>
    </None>
    <None Include="Shaders\ForwardRendering.hlsl">
      <Filter>Shaders</Filter>
    </None>
    <None Include="Shaders\Lighting.hlsl">
      <Filter>Shaders</Filter>
    </None>
  </ItemGroup>
</Project>