<?xml version="1.0" encoding="utf-8"?>
<Project ToolsVersion="4.0" xmlns="http://schemas.microsoft.com/developer/msbuild/2003">
  <ItemGroup>
    <Filter Include="MyMath">
      <UniqueIdentifier>{c39552ff-f721-4e0a-89b0-0a079882fc63}</UniqueIdentifier>
    </Filter>
    <Filter Include="MyMath\Complex">
      <UniqueIdentifier>{0a34e095-ed9f-484b-8d54-24123c1fc370}</UniqueIdentifier>
    </Filter>
    <Filter Include="MyMath\Matrix">
      <UniqueIdentifier>{de920623-f6ff-429b-a6ea-bd5cc824c69f}</UniqueIdentifier>
    </Filter>
    <Filter Include="MyMath\Vector">
      <UniqueIdentifier>{f60fc252-1160-42a7-a5af-2f4fb1318115}</UniqueIdentifier>
    </Filter>
  </ItemGroup>
  <ItemGroup>
    <ClInclude Include="src\MyMath\Matrix\Matrix3x3.h">
      <Filter>MyMath\Matrix</Filter>
    </ClInclude>
    <ClInclude Include="src\MyMath\Matrix\Matrix4x4.h">
      <Filter>MyMath\Matrix</Filter>
    </ClInclude>
    <ClInclude Include="src\MyMath\Complex\Quaternion.h">
      <Filter>MyMath\Complex</Filter>
    </ClInclude>
    <ClInclude Include="src\MyMath\Vector\Vector2.h">
      <Filter>MyMath\Vector</Filter>
    </ClInclude>
    <ClInclude Include="src\MyMath\Vector\Vector3.h">
      <Filter>MyMath\Vector</Filter>
    </ClInclude>
    <ClInclude Include="src\MyMath\Vector\Vector4.h">
      <Filter>MyMath\Vector</Filter>
    </ClInclude>
    <ClInclude Include="src\MyMath\MathDefines.h">
      <Filter>MyMath</Filter>
    </ClInclude>
    <ClInclude Include="src\MyMath\Assertions_Math.h">
      <Filter>MyMath</Filter>
    </ClInclude>
    <ClInclude Include="src\MyMath\Assertions.h">
      <Filter>MyMath</Filter>
    </ClInclude>
  </ItemGroup>
  <ItemGroup>
    <ClCompile Include="src\MyMath\Matrix\Matrix3x3.cpp">
      <Filter>MyMath\Matrix</Filter>
    </ClCompile>
    <ClCompile Include="src\MyMath\Matrix\Matrix4x4.cpp">
      <Filter>MyMath\Matrix</Filter>
    </ClCompile>
    <ClCompile Include="src\MyMath\Complex\Quaternion.cpp">
      <Filter>MyMath\Complex</Filter>
    </ClCompile>
    <ClCompile Include="src\MyMath\Vector\Vector2.cpp">
      <Filter>MyMath\Vector</Filter>
    </ClCompile>
    <ClCompile Include="src\MyMath\Vector\Vector3.cpp">
      <Filter>MyMath\Vector</Filter>
    </ClCompile>
    <ClCompile Include="src\MyMath\Vector\Vector4.cpp">
      <Filter>MyMath\Vector</Filter>
    </ClCompile>
  </ItemGroup>
</Project>