
Microsoft Visual Studio Solution File, Format Version 12.00
# Visual Studio 15
VisualStudioVersion = 15.0.26228.23
MinimumVisualStudioVersion = 10.0.40219.1
Project("{8BC9CEB8-8B4A-11D0-8D11-00A0C91BC942}") = "GProLib", "GPUPro-6\GPUPro-6.vcxproj", "{DDAA2792-10DB-4F52-9C1B-63EDE21B57F3}"
	ProjectSection(ProjectDependencies) = postProject
		{014DDF1E-A801-4CFF-9262-1DED774D5E8F} = {014DDF1E-A801-4CFF-9262-1DED774D5E8F}
	EndProjectSection
EndProject
Project("{8BC9CEB8-8B4A-11D0-8D11-00A0C91BC942}") = "MyMath", "MyMath\MyMath.vcxproj", "{014DDF1E-A801-4CFF-9262-1DED774D5E8F}"
EndProject
Project("{8BC9CEB8-8B4A-11D0-8D11-00A0C91BC942}") = "UnitTests", "UnitTests\UnitTests.vcxproj", "{E73E51CC-7495-4CEB-A2C4-9BCFDC443739}"
	ProjectSection(ProjectDependencies) = postProject
		{014DDF1E-A801-4CFF-9262-1DED774D5E8F} = {014DDF1E-A801-4CFF-9262-1DED774D5E8F}
		{C8F6C172-56F2-4E76-B5FA-C3B423B31BE7} = {C8F6C172-56F2-4E76-B5FA-C3B423B31BE7}
	EndProjectSection
EndProject
Project("{8BC9CEB8-8B4A-11D0-8D11-00A0C91BC942}") = "gtest", "googletest\googletest\msvc\2010\gtest.vcxproj", "{C8F6C172-56F2-4E76-B5FA-C3B423B31BE7}"
EndProject
Global
	GlobalSection(SolutionConfigurationPlatforms) = preSolution
		Debug|Any CPU = Debug|Any CPU
		Debug|x64 = Debug|x64
		Debug|x86 = Debug|x86
		Release|Any CPU = Release|Any CPU
		Release|x64 = Release|x64
		Release|x86 = Release|x86
	EndGlobalSection
	GlobalSection(ProjectConfigurationPlatforms) = postSolution
		{DDAA2792-10DB-4F52-9C1B-63EDE21B57F3}.Debug|Any CPU.ActiveCfg = Debug|Win32
		{DDAA2792-10DB-4F52-9C1B-63EDE21B57F3}.Debug|x64.ActiveCfg = Debug|x64
		{DDAA2792-10DB-4F52-9C1B-63EDE21B57F3}.Debug|x64.Build.0 = Debug|x64
		{DDAA2792-10DB-4F52-9C1B-63EDE21B57F3}.Debug|x86.ActiveCfg = Debug|Win32
		{DDAA2792-10DB-4F52-9C1B-63EDE21B57F3}.Debug|x86.Build.0 = Debug|Win32
		{DDAA2792-10DB-4F52-9C1B-63EDE21B57F3}.Debug|x86.Deploy.0 = Debug|Win32
		{DDAA2792-10DB-4F52-9C1B-63EDE21B57F3}.Release|Any CPU.ActiveCfg = Release|Win32
		{DDAA2792-10DB-4F52-9C1B-63EDE21B57F3}.Release|x64.ActiveCfg = Release|x64
		{DDAA2792-10DB-4F52-9C1B-63EDE21B57F3}.Release|x64.Build.0 = Release|x64
		{DDAA2792-10DB-4F52-9C1B-63EDE21B57F3}.Release|x86.ActiveCfg = Release|Win32
		{DDAA2792-10DB-4F52-9C1B-63EDE21B57F3}.Release|x86.Build.0 = Release|Win32
		{014DDF1E-A801-4CFF-9262-1DED774D5E8F}.Debug|Any CPU.ActiveCfg = Debug|Win32
		{014DDF1E-A801-4CFF-9262-1DED774D5E8F}.Debug|x64.ActiveCfg = Debug|x64
		{014DDF1E-A801-4CFF-9262-1DED774D5E8F}.Debug|x64.Build.0 = Debug|x64
		{014DDF1E-A801-4CFF-9262-1DED774D5E8F}.Debug|x86.ActiveCfg = Debug|Win32
		{014DDF1E-A801-4CFF-9262-1DED774D5E8F}.Debug|x86.Build.0 = Debug|Win32
		{014DDF1E-A801-4CFF-9262-1DED774D5E8F}.Release|Any CPU.ActiveCfg = Release|Win32
		{014DDF1E-A801-4CFF-9262-1DED774D5E8F}.Release|x64.ActiveCfg = Release|x64
		{014DDF1E-A801-4CFF-9262-1DED774D5E8F}.Release|x64.Build.0 = Release|x64
		{014DDF1E-A801-4CFF-9262-1DED774D5E8F}.Release|x86.ActiveCfg = Release|Win32
		{014DDF1E-A801-4CFF-9262-1DED774D5E8F}.Release|x86.Build.0 = Release|Win32
		{E73E51CC-7495-4CEB-A2C4-9BCFDC443739}.Debug|Any CPU.ActiveCfg = Debug|Win32
		{E73E51CC-7495-4CEB-A2C4-9BCFDC443739}.Debug|x64.ActiveCfg = Debug|x64
		{E73E51CC-7495-4CEB-A2C4-9BCFDC443739}.Debug|x64.Build.0 = Debug|x64
		{E73E51CC-7495-4CEB-A2C4-9BCFDC443739}.Debug|x86.ActiveCfg = Debug|Win32
		{E73E51CC-7495-4CEB-A2C4-9BCFDC443739}.Debug|x86.Build.0 = Debug|Win32
		{E73E51CC-7495-4CEB-A2C4-9BCFDC443739}.Release|Any CPU.ActiveCfg = Release|Win32
		{E73E51CC-7495-4CEB-A2C4-9BCFDC443739}.Release|x64.ActiveCfg = Release|x64
		{E73E51CC-7495-4CEB-A2C4-9BCFDC443739}.Release|x64.Build.0 = Release|x64
		{E73E51CC-7495-4CEB-A2C4-9BCFDC443739}.Release|x86.ActiveCfg = Release|Win32
		{E73E51CC-7495-4CEB-A2C4-9BCFDC443739}.Release|x86.Build.0 = Release|Win32
		{C8F6C172-56F2-4E76-B5FA-C3B423B31BE7}.Debug|Any CPU.ActiveCfg = Debug|Win32
		{C8F6C172-56F2-4E76-B5FA-C3B423B31BE7}.Debug|x64.ActiveCfg = Debug|x64
		{C8F6C172-56F2-4E76-B5FA-C3B423B31BE7}.Debug|x64.Build.0 = Debug|x64
		{C8F6C172-56F2-4E76-B5FA-C3B423B31BE7}.Debug|x86.ActiveCfg = Debug|Win32
		{C8F6C172-56F2-4E76-B5FA-C3B423B31BE7}.Debug|x86.Build.0 = Debug|Win32
		{C8F6C172-56F2-4E76-B5FA-C3B423B31BE7}.Release|Any CPU.ActiveCfg = Release|Win32
		{C8F6C172-56F2-4E76-B5FA-C3B423B31BE7}.Release|x64.ActiveCfg = Release|x64
		{C8F6C172-56F2-4E76-B5FA-C3B423B31BE7}.Release|x64.Build.0 = Release|x64
		{C8F6C172-56F2-4E76-B5FA-C3B423B31BE7}.Release|x86.ActiveCfg = Release|Win32
		{C8F6C172-56F2-4E76-B5FA-C3B423B31BE7}.Release|x86.Build.0 = Release|Win32
	EndGlobalSection
	GlobalSection(SolutionProperties) = preSolution
		HideSolutionNode = FALSE
	EndGlobalSection
EndGlobal
