
Microsoft Visual Studio Solution File, Format Version 12.00
# Visual Studio 14
VisualStudioVersion = 14.0.25420.1
MinimumVisualStudioVersion = 10.0.40219.1
Project("{8BC9CEB8-8B4A-11D0-8D11-00A0C91BC942}") = "GProLib", "gpupro-6\GPUPro-6.vcxproj", "{DDAA2792-10DB-4F52-9C1B-63EDE21B57F3}"
	ProjectSection(ProjectDependencies) = postProject
		{014DDF1E-A801-4CFF-9262-1DED774D5E8F} = {014DDF1E-A801-4CFF-9262-1DED774D5E8F}
	EndProjectSection
EndProject
Project("{8BC9CEB8-8B4A-11D0-8D11-00A0C91BC942}") = "Game", "Game\Game.vcxproj", "{86E15B2D-2387-49DB-8894-E2AD83F8458B}"
	ProjectSection(ProjectDependencies) = postProject
		{DDAA2792-10DB-4F52-9C1B-63EDE21B57F3} = {DDAA2792-10DB-4F52-9C1B-63EDE21B57F3}
	EndProjectSection
EndProject
Project("{8BC9CEB8-8B4A-11D0-8D11-00A0C91BC942}") = "MyMath", "MyMath\MyMath.vcxproj", "{014DDF1E-A801-4CFF-9262-1DED774D5E8F}"
EndProject
Global
	GlobalSection(SolutionConfigurationPlatforms) = preSolution
		Debug|Any CPU = Debug|Any CPU
		Debug|x64 = Debug|x64
		Debug|x86 = Debug|x86
		Release|Any CPU = Release|Any CPU
		Release|x64 = Release|x64
		Release|x86 = Release|x86
	EndGlobalSection
	GlobalSection(ProjectConfigurationPlatforms) = postSolution
		{DDAA2792-10DB-4F52-9C1B-63EDE21B57F3}.Debug|Any CPU.ActiveCfg = Debug|Win32
		{DDAA2792-10DB-4F52-9C1B-63EDE21B57F3}.Debug|x64.ActiveCfg = Debug|x64
		{DDAA2792-10DB-4F52-9C1B-63EDE21B57F3}.Debug|x64.Build.0 = Debug|x64
		{DDAA2792-10DB-4F52-9C1B-63EDE21B57F3}.Debug|x86.ActiveCfg = Debug|Win32
		{DDAA2792-10DB-4F52-9C1B-63EDE21B57F3}.Debug|x86.Build.0 = Debug|Win32
		{DDAA2792-10DB-4F52-9C1B-63EDE21B57F3}.Debug|x86.Deploy.0 = Debug|Win32
		{DDAA2792-10DB-4F52-9C1B-63EDE21B57F3}.Release|Any CPU.ActiveCfg = Release|Win32
		{DDAA2792-10DB-4F52-9C1B-63EDE21B57F3}.Release|x64.ActiveCfg = Release|x64
		{DDAA2792-10DB-4F52-9C1B-63EDE21B57F3}.Release|x64.Build.0 = Release|x64
		{DDAA2792-10DB-4F52-9C1B-63EDE21B57F3}.Release|x86.ActiveCfg = Release|Win32
		{DDAA2792-10DB-4F52-9C1B-63EDE21B57F3}.Release|x86.Build.0 = Release|Win32
		{86E15B2D-2387-49DB-8894-E2AD83F8458B}.Debug|Any CPU.ActiveCfg = Debug|Win32
		{86E15B2D-2387-49DB-8894-E2AD83F8458B}.Debug|x64.ActiveCfg = Debug|x64
		{86E15B2D-2387-49DB-8894-E2AD83F8458B}.Debug|x64.Build.0 = Debug|x64
		{86E15B2D-2387-49DB-8894-E2AD83F8458B}.Debug|x86.ActiveCfg = Debug|Win32
		{86E15B2D-2387-49DB-8894-E2AD83F8458B}.Debug|x86.Build.0 = Debug|Win32
		{86E15B2D-2387-49DB-8894-E2AD83F8458B}.Release|Any CPU.ActiveCfg = Release|Win32
		{86E15B2D-2387-49DB-8894-E2AD83F8458B}.Release|x64.ActiveCfg = Release|x64
		{86E15B2D-2387-49DB-8894-E2AD83F8458B}.Release|x64.Build.0 = Release|x64
		{86E15B2D-2387-49DB-8894-E2AD83F8458B}.Release|x86.ActiveCfg = Release|Win32
		{86E15B2D-2387-49DB-8894-E2AD83F8458B}.Release|x86.Build.0 = Release|Win32
		{014DDF1E-A801-4CFF-9262-1DED774D5E8F}.Debug|Any CPU.ActiveCfg = Debug|Win32
		{014DDF1E-A801-4CFF-9262-1DED774D5E8F}.Debug|x64.ActiveCfg = Debug|x64
		{014DDF1E-A801-4CFF-9262-1DED774D5E8F}.Debug|x64.Build.0 = Debug|x64
		{014DDF1E-A801-4CFF-9262-1DED774D5E8F}.Debug|x86.ActiveCfg = Debug|Win32
		{014DDF1E-A801-4CFF-9262-1DED774D5E8F}.Debug|x86.Build.0 = Debug|Win32
		{014DDF1E-A801-4CFF-9262-1DED774D5E8F}.Release|Any CPU.ActiveCfg = Release|Win32
		{014DDF1E-A801-4CFF-9262-1DED774D5E8F}.Release|x64.ActiveCfg = Release|x64
		{014DDF1E-A801-4CFF-9262-1DED774D5E8F}.Release|x64.Build.0 = Release|x64
		{014DDF1E-A801-4CFF-9262-1DED774D5E8F}.Release|x86.ActiveCfg = Release|Win32
		{014DDF1E-A801-4CFF-9262-1DED774D5E8F}.Release|x86.Build.0 = Release|Win32
	EndGlobalSection
	GlobalSection(SolutionProperties) = preSolution
		HideSolutionNode = FALSE
	EndGlobalSection
EndGlobal
